<Solution>
  <Folder Name="/samples/08-aichatweb-azure-vs-local/" />
  <Folder Name="/samples/08-aichatweb-azure-vs-local/01-aichatweb-azure/">
    <Project Path="samples/08-aichatweb-azure-vs-local/01-aichatweb-azure/01-aichatweb-azure.AppHost/01-aichatweb-azure.AppHost.csproj" />
    <Project Path="samples/08-aichatweb-azure-vs-local/01-aichatweb-azure/01-aichatweb-azure.ServiceDefaults/01-aichatweb-azure.ServiceDefaults.csproj" />
    <Project Path="samples/08-aichatweb-azure-vs-local/01-aichatweb-azure/01-aichatweb-azure.Web/01-aichatweb-azure.Web.csproj" />
  </Folder>
  <Folder Name="/samples/08-aichatweb-azure-vs-local/02-aichatweb-local/">
    <Project Path="samples/08-aichatweb-azure-vs-local/02-aichatweb-local/02-aichatweb-local.AppHost/02-aichatweb-local.AppHost.csproj" />
    <Project Path="samples/08-aichatweb-azure-vs-local/02-aichatweb-local/02-aichatweb-local.ServiceDefaults/02-aichatweb-local.ServiceDefaults.csproj" />
    <Project Path="samples/08-aichatweb-azure-vs-local/02-aichatweb-local/02-aichatweb-local.Web/02-aichatweb-local.Web.csproj" />
  </Folder>
  <Folder Name="/samples/09-analytics-aspire/">
    <Project Path="samples/09-analytics-aspire/AppHost/AppHost.csproj" />
    <Project Path="samples/09-analytics-aspire/Shared/Shared.csproj" />
  </Folder>
  <Folder Name="/samples/09-analytics-aspire/analytics/">
    <Project Path="samples/09-analytics-aspire/analytics/Analytics.Api/Analytics.Api.csproj" />
    <Project Path="samples/09-analytics-aspire/analytics/Analytics.Web/Analytics.Web.csproj" />
  </Folder>
  <Folder Name="/tests/">
    <Project Path="tests/Analytics.Tests/Analytics.Tests.csproj" />
    <Project Path="tests/Shared.Tests/Shared.Tests.csproj" />
    <Project Path="tests/AiChatWeb.Local.Tests/AiChatWeb.Local.Tests.csproj" />
    <Project Path="tests/FoundryLocal.Blazor.Tests/FoundryLocal.Blazor.Tests.csproj" />
  </Folder>
  <Folder Name="/samples/">
    <Project Path="samples/04-foundrylocal-native-chat-completions/FoundryLocal.NativeChatCompletions.csproj" />
    <Project Path="samples/05-foundrylocal-audio-transcription/FoundryLocal.AudioTranscription.csproj" />
    <Project Path="samples/06-foundrylocal-native-auto-chat/FoundryLocal.NativeAutoChat.csproj" />
    <Project Path="samples/07-foundrylocal-agent-tools/FoundryLocal.AgentTools.csproj" />
    <Project Path="samples/10-live-speech-to-text/LiveSpeechToText.csproj" />
    <Project Path="samples/11-foundrylocal-live-transcription/FoundryLocalLiveTranscription.csproj" />
  </Folder>
</Solution>
